
Microsoft Visual Studio Solution File, Format Version 12.00
# Visual Studio Version 17
VisualStudioVersion = 17.1.32210.238
MinimumVisualStudioVersion = 10.0.40219.1
Project("{FAE04EC0-301F-11D3-BF4B-00C04F79EFBC}") = "2050531200134_Huynh Xuan Guyn", "2050531200134_Huynh Xuan Guyn.csproj", "{C200D160-7EF7-4393-8389-055A8E5BBBB1}"
EndProject
Global
	GlobalSection(SolutionConfigurationPlatforms) = preSolution
		Debug|Any CPU = Debug|Any CPU
		Release|Any CPU = Release|Any CPU
	EndGlobalSection
	GlobalSection(ProjectConfigurationPlatforms) = postSolution
		{C200D160-7EF7-4393-8389-055A8E5BBBB1}.Debug|Any CPU.ActiveCfg = Debug|Any CPU
		{C200D160-7EF7-4393-8389-055A8E5BBBB1}.Debug|Any CPU.Build.0 = Debug|Any CPU
		{C200D160-7EF7-4393-8389-055A8E5BBBB1}.Release|Any CPU.ActiveCfg = Release|Any CPU
		{C200D160-7EF7-4393-8389-055A8E5BBBB1}.Release|Any CPU.Build.0 = Release|Any CPU
	EndGlobalSection
	GlobalSection(SolutionProperties) = preSolution
		HideSolutionNode = FALSE
	EndGlobalSection
	GlobalSection(ExtensibilityGlobals) = postSolution
		SolutionGuid = {30DAC5BE-4C6F-462F-82D1-07287E1CEF2C}
	EndGlobalSection
EndGlobal
