
Microsoft Visual Studio Solution File, Format Version 12.00
# Visual Studio Version 17
VisualStudioVersion = 17.1.32414.318
MinimumVisualStudioVersion = 10.0.40219.1
Project("{FAE04EC0-301F-11D3-BF4B-00C04F79EFBC}") = "BTDiemDanh_26_4", "BTDiemDanh_26_4.csproj", "{B8549542-20D4-41AE-B767-BF2EE718B399}"
EndProject
Global
	GlobalSection(SolutionConfigurationPlatforms) = preSolution
		Debug|Any CPU = Debug|Any CPU
		Release|Any CPU = Release|Any CPU
	EndGlobalSection
	GlobalSection(ProjectConfigurationPlatforms) = postSolution
		{B8549542-20D4-41AE-B767-BF2EE718B399}.Debug|Any CPU.ActiveCfg = Debug|Any CPU
		{B8549542-20D4-41AE-B767-BF2EE718B399}.Debug|Any CPU.Build.0 = Debug|Any CPU
		{B8549542-20D4-41AE-B767-BF2EE718B399}.Release|Any CPU.ActiveCfg = Release|Any CPU
		{B8549542-20D4-41AE-B767-BF2EE718B399}.Release|Any CPU.Build.0 = Release|Any CPU
	EndGlobalSection
	GlobalSection(SolutionProperties) = preSolution
		HideSolutionNode = FALSE
	EndGlobalSection
	GlobalSection(ExtensibilityGlobals) = postSolution
		SolutionGuid = {D2B42225-C5AD-4264-B982-A333241ADAFB}
	EndGlobalSection
EndGlobal
